
Microsoft Visual Studio Solution File, Format Version 12.00
# Visual Studio Version 16
VisualStudioVersion = 16.0.31105.61
MinimumVisualStudioVersion = 10.0.40219.1
Project("{FAE04EC0-301F-11D3-BF4B-00C04F79EFBC}") = "ClientCRUD", "ClientCRUD\ClientCRUD\ClientCRUD.csproj", "{61D818D0-1798-42AC-9359-8AFF19103A99}"
EndProject
Project("{FAE04EC0-301F-11D3-BF4B-00C04F79EFBC}") = "ClientCRUD.Android", "ClientCRUD\ClientCRUD.Android\ClientCRUD.Android.csproj", "{9A7CC3FE-2A30-47D9-A4CB-3424EA919356}"
EndProject
Project("{FAE04EC0-301F-11D3-BF4B-00C04F79EFBC}") = "ClientCRUD.iOS", "ClientCRUD\ClientCRUD.iOS\ClientCRUD.iOS.csproj", "{CA90EDF5-3ED4-4351-ABF3-1FAECA4A0B28}"
EndProject
Global
	GlobalSection(SolutionConfigurationPlatforms) = preSolution
		Ad-Hoc|Any CPU = Ad-Hoc|Any CPU
		Ad-Hoc|iPhone = Ad-Hoc|iPhone
		Ad-Hoc|iPhoneSimulator = Ad-Hoc|iPhoneSimulator
		AppStore|Any CPU = AppStore|Any CPU
		AppStore|iPhone = AppStore|iPhone
		AppStore|iPhoneSimulator = AppStore|iPhoneSimulator
		Debug|Any CPU = Debug|Any CPU
		Debug|iPhone = Debug|iPhone
		Debug|iPhoneSimulator = Debug|iPhoneSimulator
		Release|Any CPU = Release|Any CPU
		Release|iPhone = Release|iPhone
		Release|iPhoneSimulator = Release|iPhoneSimulator
	EndGlobalSection
	GlobalSection(ProjectConfigurationPlatforms) = postSolution
		{61D818D0-1798-42AC-9359-8AFF19103A99}.Ad-Hoc|Any CPU.ActiveCfg = Debug|Any CPU
		{61D818D0-1798-42AC-9359-8AFF19103A99}.Ad-Hoc|Any CPU.Build.0 = Debug|Any CPU
		{61D818D0-1798-42AC-9359-8AFF19103A99}.Ad-Hoc|iPhone.ActiveCfg = Debug|Any CPU
		{61D818D0-1798-42AC-9359-8AFF19103A99}.Ad-Hoc|iPhone.Build.0 = Debug|Any CPU
		{61D818D0-1798-42AC-9359-8AFF19103A99}.Ad-Hoc|iPhoneSimulator.ActiveCfg = Debug|Any CPU
		{61D818D0-1798-42AC-9359-8AFF19103A99}.Ad-Hoc|iPhoneSimulator.Build.0 = Debug|Any CPU
		{61D818D0-1798-42AC-9359-8AFF19103A99}.AppStore|Any CPU.ActiveCfg = Debug|Any CPU
		{61D818D0-1798-42AC-9359-8AFF19103A99}.AppStore|Any CPU.Build.0 = Debug|Any CPU
		{61D818D0-1798-42AC-9359-8AFF19103A99}.AppStore|iPhone.ActiveCfg = Debug|Any CPU
		{61D818D0-1798-42AC-9359-8AFF19103A99}.AppStore|iPhone.Build.0 = Debug|Any CPU
		{61D818D0-1798-42AC-9359-8AFF19103A99}.AppStore|iPhoneSimulator.ActiveCfg = Debug|Any CPU
		{61D818D0-1798-42AC-9359-8AFF19103A99}.AppStore|iPhoneSimulator.Build.0 = Debug|Any CPU
		{61D818D0-1798-42AC-9359-8AFF19103A99}.Debug|Any CPU.ActiveCfg = Debug|Any CPU
		{61D818D0-1798-42AC-9359-8AFF19103A99}.Debug|Any CPU.Build.0 = Debug|Any CPU
		{61D818D0-1798-42AC-9359-8AFF19103A99}.Debug|iPhone.ActiveCfg = Debug|Any CPU
		{61D818D0-1798-42AC-9359-8AFF19103A99}.Debug|iPhone.Build.0 = Debug|Any CPU
		{61D818D0-1798-42AC-9359-8AFF19103A99}.Debug|iPhoneSimulator.ActiveCfg = Debug|Any CPU
		{61D818D0-1798-42AC-9359-8AFF19103A99}.Debug|iPhoneSimulator.Build.0 = Debug|Any CPU
		{61D818D0-1798-42AC-9359-8AFF19103A99}.Release|Any CPU.ActiveCfg = Release|Any CPU
		{61D818D0-1798-42AC-9359-8AFF19103A99}.Release|Any CPU.Build.0 = Release|Any CPU
		{61D818D0-1798-42AC-9359-8AFF19103A99}.Release|iPhone.ActiveCfg = Release|Any CPU
		{61D818D0-1798-42AC-9359-8AFF19103A99}.Release|iPhone.Build.0 = Release|Any CPU
		{61D818D0-1798-42AC-9359-8AFF19103A99}.Release|iPhoneSimulator.ActiveCfg = Release|Any CPU
		{61D818D0-1798-42AC-9359-8AFF19103A99}.Release|iPhoneSimulator.Build.0 = Release|Any CPU
		{9A7CC3FE-2A30-47D9-A4CB-3424EA919356}.Ad-Hoc|Any CPU.ActiveCfg = Debug|Any CPU
		{9A7CC3FE-2A30-47D9-A4CB-3424EA919356}.Ad-Hoc|Any CPU.Build.0 = Debug|Any CPU
		{9A7CC3FE-2A30-47D9-A4CB-3424EA919356}.Ad-Hoc|Any CPU.Deploy.0 = Debug|Any CPU
		{9A7CC3FE-2A30-47D9-A4CB-3424EA919356}.Ad-Hoc|iPhone.ActiveCfg = Debug|Any CPU
		{9A7CC3FE-2A30-47D9-A4CB-3424EA919356}.Ad-Hoc|iPhone.Build.0 = Debug|Any CPU
		{9A7CC3FE-2A30-47D9-A4CB-3424EA919356}.Ad-Hoc|iPhone.Deploy.0 = Debug|Any CPU
		{9A7CC3FE-2A30-47D9-A4CB-3424EA919356}.Ad-Hoc|iPhoneSimulator.ActiveCfg = Debug|Any CPU
		{9A7CC3FE-2A30-47D9-A4CB-3424EA919356}.Ad-Hoc|iPhoneSimulator.Build.0 = Debug|Any CPU
		{9A7CC3FE-2A30-47D9-A4CB-3424EA919356}.Ad-Hoc|iPhoneSimulator.Deploy.0 = Debug|Any CPU
		{9A7CC3FE-2A30-47D9-A4CB-3424EA919356}.AppStore|Any CPU.ActiveCfg = Debug|Any CPU
		{9A7CC3FE-2A30-47D9-A4CB-3424EA919356}.AppStore|Any CPU.Build.0 = Debug|Any CPU
		{9A7CC3FE-2A30-47D9-A4CB-3424EA919356}.AppStore|Any CPU.Deploy.0 = Debug|Any CPU
		{9A7CC3FE-2A30-47D9-A4CB-3424EA919356}.AppStore|iPhone.ActiveCfg = Debug|Any CPU
		{9A7CC3FE-2A30-47D9-A4CB-3424EA919356}.AppStore|iPhone.Build.0 = Debug|Any CPU
		{9A7CC3FE-2A30-47D9-A4CB-3424EA919356}.AppStore|iPhone.Deploy.0 = Debug|Any CPU
		{9A7CC3FE-2A30-47D9-A4CB-3424EA919356}.AppStore|iPhoneSimulator.ActiveCfg = Debug|Any CPU
		{9A7CC3FE-2A30-47D9-A4CB-3424EA919356}.AppStore|iPhoneSimulator.Build.0 = Debug|Any CPU
		{9A7CC3FE-2A30-47D9-A4CB-3424EA919356}.AppStore|iPhoneSimulator.Deploy.0 = Debug|Any CPU
		{9A7CC3FE-2A30-47D9-A4CB-3424EA919356}.Debug|Any CPU.ActiveCfg = Debug|Any CPU
		{9A7CC3FE-2A30-47D9-A4CB-3424EA919356}.Debug|Any CPU.Build.0 = Debug|Any CPU
		{9A7CC3FE-2A30-47D9-A4CB-3424EA919356}.Debug|Any CPU.Deploy.0 = Debug|Any CPU
		{9A7CC3FE-2A30-47D9-A4CB-3424EA919356}.Debug|iPhone.ActiveCfg = Debug|Any CPU
		{9A7CC3FE-2A30-47D9-A4CB-3424EA919356}.Debug|iPhone.Build.0 = Debug|Any CPU
		{9A7CC3FE-2A30-47D9-A4CB-3424EA919356}.Debug|iPhone.Deploy.0 = Debug|Any CPU
		{9A7CC3FE-2A30-47D9-A4CB-3424EA919356}.Debug|iPhoneSimulator.ActiveCfg = Debug|Any CPU
		{9A7CC3FE-2A30-47D9-A4CB-3424EA919356}.Debug|iPhoneSimulator.Build.0 = Debug|Any CPU
		{9A7CC3FE-2A30-47D9-A4CB-3424EA919356}.Debug|iPhoneSimulator.Deploy.0 = Debug|Any CPU
		{9A7CC3FE-2A30-47D9-A4CB-3424EA919356}.Release|Any CPU.ActiveCfg = Release|Any CPU
		{9A7CC3FE-2A30-47D9-A4CB-3424EA919356}.Release|Any CPU.Build.0 = Release|Any CPU
		{9A7CC3FE-2A30-47D9-A4CB-3424EA919356}.Release|Any CPU.Deploy.0 = Release|Any CPU
		{9A7CC3FE-2A30-47D9-A4CB-3424EA919356}.Release|iPhone.ActiveCfg = Release|Any CPU
		{9A7CC3FE-2A30-47D9-A4CB-3424EA919356}.Release|iPhone.Build.0 = Release|Any CPU
		{9A7CC3FE-2A30-47D9-A4CB-3424EA919356}.Release|iPhone.Deploy.0 = Release|Any CPU
		{9A7CC3FE-2A30-47D9-A4CB-3424EA919356}.Release|iPhoneSimulator.ActiveCfg = Release|Any CPU
		{9A7CC3FE-2A30-47D9-A4CB-3424EA919356}.Release|iPhoneSimulator.Build.0 = Release|Any CPU
		{9A7CC3FE-2A30-47D9-A4CB-3424EA919356}.Release|iPhoneSimulator.Deploy.0 = Release|Any CPU
		{CA90EDF5-3ED4-4351-ABF3-1FAECA4A0B28}.Ad-Hoc|Any CPU.ActiveCfg = Ad-Hoc|iPhoneSimulator
		{CA90EDF5-3ED4-4351-ABF3-1FAECA4A0B28}.Ad-Hoc|iPhone.ActiveCfg = Ad-Hoc|iPhone
		{CA90EDF5-3ED4-4351-ABF3-1FAECA4A0B28}.Ad-Hoc|iPhone.Build.0 = Ad-Hoc|iPhone
		{CA90EDF5-3ED4-4351-ABF3-1FAECA4A0B28}.Ad-Hoc|iPhoneSimulator.ActiveCfg = Ad-Hoc|iPhoneSimulator
		{CA90EDF5-3ED4-4351-ABF3-1FAECA4A0B28}.Ad-Hoc|iPhoneSimulator.Build.0 = Ad-Hoc|iPhoneSimulator
		{CA90EDF5-3ED4-4351-ABF3-1FAECA4A0B28}.AppStore|Any CPU.ActiveCfg = AppStore|iPhoneSimulator
		{CA90EDF5-3ED4-4351-ABF3-1FAECA4A0B28}.AppStore|iPhone.ActiveCfg = AppStore|iPhone
		{CA90EDF5-3ED4-4351-ABF3-1FAECA4A0B28}.AppStore|iPhone.Build.0 = AppStore|iPhone
		{CA90EDF5-3ED4-4351-ABF3-1FAECA4A0B28}.AppStore|iPhoneSimulator.ActiveCfg = AppStore|iPhoneSimulator
		{CA90EDF5-3ED4-4351-ABF3-1FAECA4A0B28}.AppStore|iPhoneSimulator.Build.0 = AppStore|iPhoneSimulator
		{CA90EDF5-3ED4-4351-ABF3-1FAECA4A0B28}.Debug|Any CPU.ActiveCfg = Debug|iPhoneSimulator
		{CA90EDF5-3ED4-4351-ABF3-1FAECA4A0B28}.Debug|iPhone.ActiveCfg = Debug|iPhone
		{CA90EDF5-3ED4-4351-ABF3-1FAECA4A0B28}.Debug|iPhone.Build.0 = Debug|iPhone
		{CA90EDF5-3ED4-4351-ABF3-1FAECA4A0B28}.Debug|iPhoneSimulator.ActiveCfg = Debug|iPhoneSimulator
		{CA90EDF5-3ED4-4351-ABF3-1FAECA4A0B28}.Debug|iPhoneSimulator.Build.0 = Debug|iPhoneSimulator
		{CA90EDF5-3ED4-4351-ABF3-1FAECA4A0B28}.Release|Any CPU.ActiveCfg = Release|iPhoneSimulator
		{CA90EDF5-3ED4-4351-ABF3-1FAECA4A0B28}.Release|iPhone.ActiveCfg = Release|iPhone
		{CA90EDF5-3ED4-4351-ABF3-1FAECA4A0B28}.Release|iPhone.Build.0 = Release|iPhone
		{CA90EDF5-3ED4-4351-ABF3-1FAECA4A0B28}.Release|iPhoneSimulator.ActiveCfg = Release|iPhoneSimulator
		{CA90EDF5-3ED4-4351-ABF3-1FAECA4A0B28}.Release|iPhoneSimulator.Build.0 = Release|iPhoneSimulator
	EndGlobalSection
	GlobalSection(SolutionProperties) = preSolution
		HideSolutionNode = FALSE
	EndGlobalSection
	GlobalSection(ExtensibilityGlobals) = postSolution
		SolutionGuid = {E142B0CE-7B85-4B94-BE59-17DE043290DC}
	EndGlobalSection
EndGlobal
